
Microsoft Visual Studio Solution File, Format Version 12.00
# Visual Studio Version 16
VisualStudioVersion = 16.0.810.6
MinimumVisualStudioVersion = 10.0.40219.1
Project("{FAE04EC0-301F-11D3-BF4B-00C04F79EFBC}") = "ConsoleProject", "ConsoleProject\ConsoleProject.csproj", "{4AE517D1-31BE-4637-9CE1-01AD04E68928}"
EndProject
Global
	GlobalSection(SolutionConfigurationPlatforms) = preSolution
		Debug|Any CPU = Debug|Any CPU
		Release|Any CPU = Release|Any CPU
	EndGlobalSection
	GlobalSection(ProjectConfigurationPlatforms) = postSolution
		{4AE517D1-31BE-4637-9CE1-01AD04E68928}.Debug|Any CPU.ActiveCfg = Debug|Any CPU
		{4AE517D1-31BE-4637-9CE1-01AD04E68928}.Debug|Any CPU.Build.0 = Debug|Any CPU
		{4AE517D1-31BE-4637-9CE1-01AD04E68928}.Release|Any CPU.ActiveCfg = Release|Any CPU
		{4AE517D1-31BE-4637-9CE1-01AD04E68928}.Release|Any CPU.Build.0 = Release|Any CPU
	EndGlobalSection
	GlobalSection(SolutionProperties) = preSolution
		HideSolutionNode = FALSE
	EndGlobalSection
	GlobalSection(ExtensibilityGlobals) = postSolution
		SolutionGuid = {6A417E3E-4874-4894-8EC5-0A28A466851A}
	EndGlobalSection
EndGlobal
